
Microsoft Visual Studio Solution File, Format Version 12.00
# Visual Studio Version 17
VisualStudioVersion = 17.7.34302.85
MinimumVisualStudioVersion = 10.0.40219.1
Project("{9A19103F-16F7-4668-BE54-9A1E7A4F7556}") = "VisualFA", "VisualFA\VisualFA.csproj", "{135D42E3-4C33-4FB0-9453-E18CDE5046BC}"
EndProject
Project("{9A19103F-16F7-4668-BE54-9A1E7A4F7556}") = "Benchmarks", "Benchmarks\Benchmarks.csproj", "{15DEE5C1-9EC7-4611-9274-A11E0DFEF619}"
EndProject
Project("{9A19103F-16F7-4668-BE54-9A1E7A4F7556}") = "SimpleStuff", "SimpleStuff\SimpleStuff.csproj", "{D2A7CC01-A055-4205-8616-4FFB12E8B2B2}"
EndProject
Project("{9A19103F-16F7-4668-BE54-9A1E7A4F7556}") = "VisualFA.Compiler", "VisualFA.Compiler\VisualFA.Compiler.csproj", "{F1D05E7F-1BF0-4738-BE43-29150B6766E1}"
EndProject
Project("{FAE04EC0-301F-11D3-BF4B-00C04F79EFBC}") = "VisualFA.DNF", "VisualFA.DNF\VisualFA.DNF.csproj", "{B00132B8-5C68-4F2A-A61E-4AEF54D67FBF}"
	ProjectSection(ProjectDependencies) = postProject
		{135D42E3-4C33-4FB0-9453-E18CDE5046BC} = {135D42E3-4C33-4FB0-9453-E18CDE5046BC}
	EndProjectSection
EndProject
Project("{FAE04EC0-301F-11D3-BF4B-00C04F79EFBC}") = "FsmExplorer", "FsmExplorer\FsmExplorer.csproj", "{6C532A4A-5004-478F-8EE9-C697BC6A628C}"
EndProject
Project("{FAE04EC0-301F-11D3-BF4B-00C04F79EFBC}") = "VisualFA.Compiler.DNF", "VisualFA.Compiler.DNF\VisualFA.Compiler.DNF.csproj", "{000309F9-B394-4D3E-9906-862273AA2EE6}"
EndProject
Project("{9A19103F-16F7-4668-BE54-9A1E7A4F7556}") = "VisualFA.Generator", "VisualFA.Generator\VisualFA.Generator.csproj", "{8C641F66-AAB4-4E25-93A8-B7F07C9FB34C}"
EndProject
Project("{FAE04EC0-301F-11D3-BF4B-00C04F79EFBC}") = "VisualFA.Generator.DNF", "VisualFA.Generator.DNF\VisualFA.Generator.DNF.csproj", "{E6C761D7-E903-4AF1-A326-C011EB78D9C3}"
EndProject
Project("{9A19103F-16F7-4668-BE54-9A1E7A4F7556}") = "GeneratorDemo", "GeneratorDemo\GeneratorDemo.csproj", "{D73BD6C3-8DFC-4776-849B-125AA9D923C3}"
EndProject
Project("{778DAE3C-4631-46EA-AA77-85C1314464D9}") = "GeneratorDemoVB", "GeneratorDemoVB\GeneratorDemoVB.vbproj", "{5C534DE9-0780-445B-BCE5-D07EDCD33EFB}"
EndProject
Project("{9A19103F-16F7-4668-BE54-9A1E7A4F7556}") = "LexGen", "LexGen\LexGen.csproj", "{2E312C15-BDA8-4095-998C-04F3CE67523D}"
	ProjectSection(ProjectDependencies) = postProject
		{135D42E3-4C33-4FB0-9453-E18CDE5046BC} = {135D42E3-4C33-4FB0-9453-E18CDE5046BC}
		{8C641F66-AAB4-4E25-93A8-B7F07C9FB34C} = {8C641F66-AAB4-4E25-93A8-B7F07C9FB34C}
	EndProjectSection
EndProject
Project("{FAE04EC0-301F-11D3-BF4B-00C04F79EFBC}") = "LexGen.DNF", "LexGen.DNF\LexGen.DNF.csproj", "{2388598C-3EBB-4D0C-9109-96CF626AD2EE}"
	ProjectSection(ProjectDependencies) = postProject
		{B00132B8-5C68-4F2A-A61E-4AEF54D67FBF} = {B00132B8-5C68-4F2A-A61E-4AEF54D67FBF}
	EndProjectSection
EndProject
Project("{2150E333-8FDC-42A3-9474-1A3956D46DE8}") = "Solution Items", "Solution Items", "{DAD0136B-C492-42A8-A13D-64DA5281F8F8}"
	ProjectSection(SolutionItems) = preProject
		LICENSE = LICENSE
		README.md = README.md
	EndProjectSection
EndProject
Project("{FAE04EC0-301F-11D3-BF4B-00C04F79EFBC}") = "ArticleImages", "ArticleImages\ArticleImages.csproj", "{CB1530A1-D99D-40D0-A84B-1F8EEA2A7171}"
EndProject
Project("{9A19103F-16F7-4668-BE54-9A1E7A4F7556}") = "MinimizationStress", "MinimizationStress\MinimizationStress.csproj", "{CCA41B93-C5AB-4F30-8C14-4330D6B5F7C1}"
EndProject
Project("{9A19103F-16F7-4668-BE54-9A1E7A4F7556}") = "VisualFA.SourceGenerator", "VisualFA.SourceGenerator\VisualFA.SourceGenerator.csproj", "{4AE7B1E3-E83C-4296-A2CE-DE2BB8FB4930}"
EndProject
Project("{9A19103F-16F7-4668-BE54-9A1E7A4F7556}") = "Scratch", "Scratch\Scratch.csproj", "{73346C8F-8429-4430-8E02-A02A6B43A71C}"
EndProject
Project("{9A19103F-16F7-4668-BE54-9A1E7A4F7556}") = "Scratch2", "Scratch2\Scratch2.csproj", "{B91947E7-4E25-4B3F-A64E-7FC9CC8DF50D}"
EndProject
Project("{9A19103F-16F7-4668-BE54-9A1E7A4F7556}") = "IntegrationTests", "IntegrationTests\IntegrationTests.csproj", "{B9440E51-426E-46F1-A35C-038B8F09ABDB}"
EndProject
Project("{9A19103F-16F7-4668-BE54-9A1E7A4F7556}") = "VisualFA.SourceGenerator.NugetIntegrationTests", "VisualFA.SourceGenerator.NugetIntegrationTests\VisualFA.SourceGenerator.NugetIntegrationTests.csproj", "{0ABAF612-AFA1-476B-8310-19AD7BA16496}"
EndProject
Project("{9A19103F-16F7-4668-BE54-9A1E7A4F7556}") = "Scrape", "Scrape\Scrape.csproj", "{4A1D5C13-4D35-48C9-8AF5-9038998E6CA8}"
EndProject
Project("{9A19103F-16F7-4668-BE54-9A1E7A4F7556}") = "Validation", "Validation\Validation.csproj", "{6FF5AFCE-16CF-45E4-ACB5-A5C1743E54CA}"
EndProject
Project("{2150E333-8FDC-42A3-9474-1A3956D46DE8}") = "script", "script", "{EE5E0E55-EED0-452C-99DD-69196D3C2EED}"
	ProjectSection(SolutionItems) = preProject
		script\index.html = script\index.html
		script\package.json = script\package.json
		script\visualfa.js = script\visualfa.js
	EndProjectSection
EndProject
Global
	GlobalSection(SolutionConfigurationPlatforms) = preSolution
		Debug|Any CPU = Debug|Any CPU
		Release|Any CPU = Release|Any CPU
	EndGlobalSection
	GlobalSection(ProjectConfigurationPlatforms) = postSolution
		{135D42E3-4C33-4FB0-9453-E18CDE5046BC}.Debug|Any CPU.ActiveCfg = Debug|Any CPU
		{135D42E3-4C33-4FB0-9453-E18CDE5046BC}.Debug|Any CPU.Build.0 = Debug|Any CPU
		{135D42E3-4C33-4FB0-9453-E18CDE5046BC}.Release|Any CPU.ActiveCfg = Release|Any CPU
		{135D42E3-4C33-4FB0-9453-E18CDE5046BC}.Release|Any CPU.Build.0 = Release|Any CPU
		{15DEE5C1-9EC7-4611-9274-A11E0DFEF619}.Debug|Any CPU.ActiveCfg = Debug|Any CPU
		{15DEE5C1-9EC7-4611-9274-A11E0DFEF619}.Debug|Any CPU.Build.0 = Debug|Any CPU
		{15DEE5C1-9EC7-4611-9274-A11E0DFEF619}.Release|Any CPU.ActiveCfg = Release|Any CPU
		{15DEE5C1-9EC7-4611-9274-A11E0DFEF619}.Release|Any CPU.Build.0 = Release|Any CPU
		{D2A7CC01-A055-4205-8616-4FFB12E8B2B2}.Debug|Any CPU.ActiveCfg = Debug|Any CPU
		{D2A7CC01-A055-4205-8616-4FFB12E8B2B2}.Debug|Any CPU.Build.0 = Debug|Any CPU
		{D2A7CC01-A055-4205-8616-4FFB12E8B2B2}.Release|Any CPU.ActiveCfg = Release|Any CPU
		{D2A7CC01-A055-4205-8616-4FFB12E8B2B2}.Release|Any CPU.Build.0 = Release|Any CPU
		{F1D05E7F-1BF0-4738-BE43-29150B6766E1}.Debug|Any CPU.ActiveCfg = Debug|Any CPU
		{F1D05E7F-1BF0-4738-BE43-29150B6766E1}.Debug|Any CPU.Build.0 = Debug|Any CPU
		{F1D05E7F-1BF0-4738-BE43-29150B6766E1}.Release|Any CPU.ActiveCfg = Release|Any CPU
		{F1D05E7F-1BF0-4738-BE43-29150B6766E1}.Release|Any CPU.Build.0 = Release|Any CPU
		{B00132B8-5C68-4F2A-A61E-4AEF54D67FBF}.Debug|Any CPU.ActiveCfg = Debug|Any CPU
		{B00132B8-5C68-4F2A-A61E-4AEF54D67FBF}.Debug|Any CPU.Build.0 = Debug|Any CPU
		{B00132B8-5C68-4F2A-A61E-4AEF54D67FBF}.Release|Any CPU.ActiveCfg = Release|Any CPU
		{B00132B8-5C68-4F2A-A61E-4AEF54D67FBF}.Release|Any CPU.Build.0 = Release|Any CPU
		{6C532A4A-5004-478F-8EE9-C697BC6A628C}.Debug|Any CPU.ActiveCfg = Debug|Any CPU
		{6C532A4A-5004-478F-8EE9-C697BC6A628C}.Debug|Any CPU.Build.0 = Debug|Any CPU
		{6C532A4A-5004-478F-8EE9-C697BC6A628C}.Release|Any CPU.ActiveCfg = Release|Any CPU
		{6C532A4A-5004-478F-8EE9-C697BC6A628C}.Release|Any CPU.Build.0 = Release|Any CPU
		{000309F9-B394-4D3E-9906-862273AA2EE6}.Debug|Any CPU.ActiveCfg = Debug|Any CPU
		{000309F9-B394-4D3E-9906-862273AA2EE6}.Debug|Any CPU.Build.0 = Debug|Any CPU
		{000309F9-B394-4D3E-9906-862273AA2EE6}.Release|Any CPU.ActiveCfg = Release|Any CPU
		{000309F9-B394-4D3E-9906-862273AA2EE6}.Release|Any CPU.Build.0 = Release|Any CPU
		{8C641F66-AAB4-4E25-93A8-B7F07C9FB34C}.Debug|Any CPU.ActiveCfg = Debug|Any CPU
		{8C641F66-AAB4-4E25-93A8-B7F07C9FB34C}.Debug|Any CPU.Build.0 = Debug|Any CPU
		{8C641F66-AAB4-4E25-93A8-B7F07C9FB34C}.Release|Any CPU.ActiveCfg = Release|Any CPU
		{8C641F66-AAB4-4E25-93A8-B7F07C9FB34C}.Release|Any CPU.Build.0 = Release|Any CPU
		{E6C761D7-E903-4AF1-A326-C011EB78D9C3}.Debug|Any CPU.ActiveCfg = Debug|Any CPU
		{E6C761D7-E903-4AF1-A326-C011EB78D9C3}.Debug|Any CPU.Build.0 = Debug|Any CPU
		{E6C761D7-E903-4AF1-A326-C011EB78D9C3}.Release|Any CPU.ActiveCfg = Release|Any CPU
		{E6C761D7-E903-4AF1-A326-C011EB78D9C3}.Release|Any CPU.Build.0 = Release|Any CPU
		{D73BD6C3-8DFC-4776-849B-125AA9D923C3}.Debug|Any CPU.ActiveCfg = Debug|Any CPU
		{D73BD6C3-8DFC-4776-849B-125AA9D923C3}.Debug|Any CPU.Build.0 = Debug|Any CPU
		{D73BD6C3-8DFC-4776-849B-125AA9D923C3}.Release|Any CPU.ActiveCfg = Release|Any CPU
		{D73BD6C3-8DFC-4776-849B-125AA9D923C3}.Release|Any CPU.Build.0 = Release|Any CPU
		{5C534DE9-0780-445B-BCE5-D07EDCD33EFB}.Debug|Any CPU.ActiveCfg = Debug|Any CPU
		{5C534DE9-0780-445B-BCE5-D07EDCD33EFB}.Debug|Any CPU.Build.0 = Debug|Any CPU
		{5C534DE9-0780-445B-BCE5-D07EDCD33EFB}.Release|Any CPU.ActiveCfg = Release|Any CPU
		{5C534DE9-0780-445B-BCE5-D07EDCD33EFB}.Release|Any CPU.Build.0 = Release|Any CPU
		{2E312C15-BDA8-4095-998C-04F3CE67523D}.Debug|Any CPU.ActiveCfg = Debug|Any CPU
		{2E312C15-BDA8-4095-998C-04F3CE67523D}.Debug|Any CPU.Build.0 = Debug|Any CPU
		{2E312C15-BDA8-4095-998C-04F3CE67523D}.Release|Any CPU.ActiveCfg = Release|Any CPU
		{2E312C15-BDA8-4095-998C-04F3CE67523D}.Release|Any CPU.Build.0 = Release|Any CPU
		{2388598C-3EBB-4D0C-9109-96CF626AD2EE}.Debug|Any CPU.ActiveCfg = Debug|Any CPU
		{2388598C-3EBB-4D0C-9109-96CF626AD2EE}.Debug|Any CPU.Build.0 = Debug|Any CPU
		{2388598C-3EBB-4D0C-9109-96CF626AD2EE}.Release|Any CPU.ActiveCfg = Release|Any CPU
		{2388598C-3EBB-4D0C-9109-96CF626AD2EE}.Release|Any CPU.Build.0 = Release|Any CPU
		{CB1530A1-D99D-40D0-A84B-1F8EEA2A7171}.Debug|Any CPU.ActiveCfg = Debug|Any CPU
		{CB1530A1-D99D-40D0-A84B-1F8EEA2A7171}.Debug|Any CPU.Build.0 = Debug|Any CPU
		{CB1530A1-D99D-40D0-A84B-1F8EEA2A7171}.Release|Any CPU.ActiveCfg = Release|Any CPU
		{CB1530A1-D99D-40D0-A84B-1F8EEA2A7171}.Release|Any CPU.Build.0 = Release|Any CPU
		{CCA41B93-C5AB-4F30-8C14-4330D6B5F7C1}.Debug|Any CPU.ActiveCfg = Debug|Any CPU
		{CCA41B93-C5AB-4F30-8C14-4330D6B5F7C1}.Debug|Any CPU.Build.0 = Debug|Any CPU
		{CCA41B93-C5AB-4F30-8C14-4330D6B5F7C1}.Release|Any CPU.ActiveCfg = Release|Any CPU
		{CCA41B93-C5AB-4F30-8C14-4330D6B5F7C1}.Release|Any CPU.Build.0 = Release|Any CPU
		{4AE7B1E3-E83C-4296-A2CE-DE2BB8FB4930}.Debug|Any CPU.ActiveCfg = Debug|Any CPU
		{4AE7B1E3-E83C-4296-A2CE-DE2BB8FB4930}.Debug|Any CPU.Build.0 = Debug|Any CPU
		{4AE7B1E3-E83C-4296-A2CE-DE2BB8FB4930}.Release|Any CPU.ActiveCfg = Release|Any CPU
		{4AE7B1E3-E83C-4296-A2CE-DE2BB8FB4930}.Release|Any CPU.Build.0 = Release|Any CPU
		{73346C8F-8429-4430-8E02-A02A6B43A71C}.Debug|Any CPU.ActiveCfg = Debug|Any CPU
		{73346C8F-8429-4430-8E02-A02A6B43A71C}.Debug|Any CPU.Build.0 = Debug|Any CPU
		{73346C8F-8429-4430-8E02-A02A6B43A71C}.Release|Any CPU.ActiveCfg = Release|Any CPU
		{73346C8F-8429-4430-8E02-A02A6B43A71C}.Release|Any CPU.Build.0 = Release|Any CPU
		{B91947E7-4E25-4B3F-A64E-7FC9CC8DF50D}.Debug|Any CPU.ActiveCfg = Debug|Any CPU
		{B91947E7-4E25-4B3F-A64E-7FC9CC8DF50D}.Debug|Any CPU.Build.0 = Debug|Any CPU
		{B91947E7-4E25-4B3F-A64E-7FC9CC8DF50D}.Release|Any CPU.ActiveCfg = Release|Any CPU
		{B91947E7-4E25-4B3F-A64E-7FC9CC8DF50D}.Release|Any CPU.Build.0 = Release|Any CPU
		{B9440E51-426E-46F1-A35C-038B8F09ABDB}.Debug|Any CPU.ActiveCfg = Debug|Any CPU
		{B9440E51-426E-46F1-A35C-038B8F09ABDB}.Debug|Any CPU.Build.0 = Debug|Any CPU
		{B9440E51-426E-46F1-A35C-038B8F09ABDB}.Release|Any CPU.ActiveCfg = Release|Any CPU
		{B9440E51-426E-46F1-A35C-038B8F09ABDB}.Release|Any CPU.Build.0 = Release|Any CPU
		{0ABAF612-AFA1-476B-8310-19AD7BA16496}.Debug|Any CPU.ActiveCfg = Debug|Any CPU
		{0ABAF612-AFA1-476B-8310-19AD7BA16496}.Debug|Any CPU.Build.0 = Debug|Any CPU
		{0ABAF612-AFA1-476B-8310-19AD7BA16496}.Release|Any CPU.ActiveCfg = Release|Any CPU
		{0ABAF612-AFA1-476B-8310-19AD7BA16496}.Release|Any CPU.Build.0 = Release|Any CPU
		{4A1D5C13-4D35-48C9-8AF5-9038998E6CA8}.Debug|Any CPU.ActiveCfg = Debug|Any CPU
		{4A1D5C13-4D35-48C9-8AF5-9038998E6CA8}.Debug|Any CPU.Build.0 = Debug|Any CPU
		{4A1D5C13-4D35-48C9-8AF5-9038998E6CA8}.Release|Any CPU.ActiveCfg = Release|Any CPU
		{4A1D5C13-4D35-48C9-8AF5-9038998E6CA8}.Release|Any CPU.Build.0 = Release|Any CPU
		{6FF5AFCE-16CF-45E4-ACB5-A5C1743E54CA}.Debug|Any CPU.ActiveCfg = Debug|Any CPU
		{6FF5AFCE-16CF-45E4-ACB5-A5C1743E54CA}.Debug|Any CPU.Build.0 = Debug|Any CPU
		{6FF5AFCE-16CF-45E4-ACB5-A5C1743E54CA}.Release|Any CPU.ActiveCfg = Release|Any CPU
		{6FF5AFCE-16CF-45E4-ACB5-A5C1743E54CA}.Release|Any CPU.Build.0 = Release|Any CPU
	EndGlobalSection
	GlobalSection(SolutionProperties) = preSolution
		HideSolutionNode = FALSE
	EndGlobalSection
	GlobalSection(NestedProjects) = preSolution
		{EE5E0E55-EED0-452C-99DD-69196D3C2EED} = {DAD0136B-C492-42A8-A13D-64DA5281F8F8}
	EndGlobalSection
	GlobalSection(ExtensibilityGlobals) = postSolution
		SolutionGuid = {37AB415B-D8E8-4435-8D69-5999DAAC0297}
	EndGlobalSection
EndGlobal
